
Microsoft Visual Studio Solution File, Format Version 12.00
# Visual Studio Version 16
VisualStudioVersion = 16.0.30517.126
MinimumVisualStudioVersion = 10.0.40219.1
Project("{FAE04EC0-301F-11D3-BF4B-00C04F79EFBC}") = "Loja.Instrumentos.Web", "Loja.Instrumentos.Web\Loja.Instrumentos.Web.csproj", "{E76A2502-470D-4D4C-AEDE-E3E1B2E3B2B2}"
EndProject
Project("{2150E333-8FDC-42A3-9474-1A3956D46DE8}") = "Business", "Business", "{ADB94702-C7A0-4E3F-AD0B-864FB2572D32}"
EndProject
Project("{FAE04EC0-301F-11D3-BF4B-00C04F79EFBC}") = "Loja.Instrumentos.Business", "Loja.Instrumentos.Business\Loja.Instrumentos.Business.csproj", "{804CC478-0F00-451F-82D5-FED87E219414}"
EndProject
Project("{2150E333-8FDC-42A3-9474-1A3956D46DE8}") = "Data", "Data", "{273EFAF0-3FC8-4FF0-A7D9-50C055206724}"
EndProject
Project("{FAE04EC0-301F-11D3-BF4B-00C04F79EFBC}") = "Loja.Instrumentos.Data.Entity", "Loja.Instrumentos.Data.Entity\Loja.Instrumentos.Data.Entity.csproj", "{A22B89C0-4EE3-46FA-B672-25F1B3BED8FD}"
EndProject
Project("{FAE04EC0-301F-11D3-BF4B-00C04F79EFBC}") = "Loja.Instrumentos.Generic.Entity", "Loja.Instrumentos.Generic.Entity\Loja.Instrumentos.Generic.Entity.csproj", "{2180CCC9-1329-4D32-B30F-E01145927C4A}"
EndProject
Global
	GlobalSection(SolutionConfigurationPlatforms) = preSolution
		Debug|Any CPU = Debug|Any CPU
		Release|Any CPU = Release|Any CPU
	EndGlobalSection
	GlobalSection(ProjectConfigurationPlatforms) = postSolution
		{E76A2502-470D-4D4C-AEDE-E3E1B2E3B2B2}.Debug|Any CPU.ActiveCfg = Debug|Any CPU
		{E76A2502-470D-4D4C-AEDE-E3E1B2E3B2B2}.Debug|Any CPU.Build.0 = Debug|Any CPU
		{E76A2502-470D-4D4C-AEDE-E3E1B2E3B2B2}.Release|Any CPU.ActiveCfg = Release|Any CPU
		{E76A2502-470D-4D4C-AEDE-E3E1B2E3B2B2}.Release|Any CPU.Build.0 = Release|Any CPU
		{804CC478-0F00-451F-82D5-FED87E219414}.Debug|Any CPU.ActiveCfg = Debug|Any CPU
		{804CC478-0F00-451F-82D5-FED87E219414}.Debug|Any CPU.Build.0 = Debug|Any CPU
		{804CC478-0F00-451F-82D5-FED87E219414}.Release|Any CPU.ActiveCfg = Release|Any CPU
		{804CC478-0F00-451F-82D5-FED87E219414}.Release|Any CPU.Build.0 = Release|Any CPU
		{A22B89C0-4EE3-46FA-B672-25F1B3BED8FD}.Debug|Any CPU.ActiveCfg = Debug|Any CPU
		{A22B89C0-4EE3-46FA-B672-25F1B3BED8FD}.Debug|Any CPU.Build.0 = Debug|Any CPU
		{A22B89C0-4EE3-46FA-B672-25F1B3BED8FD}.Release|Any CPU.ActiveCfg = Release|Any CPU
		{A22B89C0-4EE3-46FA-B672-25F1B3BED8FD}.Release|Any CPU.Build.0 = Release|Any CPU
		{2180CCC9-1329-4D32-B30F-E01145927C4A}.Debug|Any CPU.ActiveCfg = Debug|Any CPU
		{2180CCC9-1329-4D32-B30F-E01145927C4A}.Debug|Any CPU.Build.0 = Debug|Any CPU
		{2180CCC9-1329-4D32-B30F-E01145927C4A}.Release|Any CPU.ActiveCfg = Release|Any CPU
		{2180CCC9-1329-4D32-B30F-E01145927C4A}.Release|Any CPU.Build.0 = Release|Any CPU
	EndGlobalSection
	GlobalSection(SolutionProperties) = preSolution
		HideSolutionNode = FALSE
	EndGlobalSection
	GlobalSection(NestedProjects) = preSolution
		{804CC478-0F00-451F-82D5-FED87E219414} = {ADB94702-C7A0-4E3F-AD0B-864FB2572D32}
		{A22B89C0-4EE3-46FA-B672-25F1B3BED8FD} = {273EFAF0-3FC8-4FF0-A7D9-50C055206724}
		{2180CCC9-1329-4D32-B30F-E01145927C4A} = {273EFAF0-3FC8-4FF0-A7D9-50C055206724}
	EndGlobalSection
	GlobalSection(ExtensibilityGlobals) = postSolution
		SolutionGuid = {A8B2F99C-1963-4E70-AA91-128782F619D1}
	EndGlobalSection
EndGlobal
